
Microsoft Visual Studio Solution File, Format Version 12.00
# Visual Studio 15
VisualStudioVersion = 15.0.28307.572
MinimumVisualStudioVersion = 10.0.40219.1
Project("{9A19103F-16F7-4668-BE54-9A1E7A4F7556}") = "ConverterLibrary", "ClassLibrary1\ConverterLibrary.csproj", "{8AEF03C9-1E90-4DDA-8735-78DAF5A9802A}"
EndProject
Project("{9A19103F-16F7-4668-BE54-9A1E7A4F7556}") = "UnitTestProject1", "UnitTestProject1\UnitTestProject1.csproj", "{1F25A5A3-DEF7-430C-B337-8677FCC32F09}"
EndProject
Project("{FAE04EC0-301F-11D3-BF4B-00C04F79EFBC}") = "ConsoleApp1", "ConsoleApp1\ConsoleApp1.csproj", "{0A8E57D3-B13A-4BE9-A35A-676CF4F20363}"
EndProject
Global
	GlobalSection(SolutionConfigurationPlatforms) = preSolution
		Debug|Any CPU = Debug|Any CPU
		Release|Any CPU = Release|Any CPU
	EndGlobalSection
	GlobalSection(ProjectConfigurationPlatforms) = postSolution
		{8AEF03C9-1E90-4DDA-8735-78DAF5A9802A}.Debug|Any CPU.ActiveCfg = Debug|Any CPU
		{8AEF03C9-1E90-4DDA-8735-78DAF5A9802A}.Debug|Any CPU.Build.0 = Debug|Any CPU
		{8AEF03C9-1E90-4DDA-8735-78DAF5A9802A}.Release|Any CPU.ActiveCfg = Release|Any CPU
		{8AEF03C9-1E90-4DDA-8735-78DAF5A9802A}.Release|Any CPU.Build.0 = Release|Any CPU
		{1F25A5A3-DEF7-430C-B337-8677FCC32F09}.Debug|Any CPU.ActiveCfg = Debug|Any CPU
		{1F25A5A3-DEF7-430C-B337-8677FCC32F09}.Debug|Any CPU.Build.0 = Debug|Any CPU
		{1F25A5A3-DEF7-430C-B337-8677FCC32F09}.Release|Any CPU.ActiveCfg = Release|Any CPU
		{1F25A5A3-DEF7-430C-B337-8677FCC32F09}.Release|Any CPU.Build.0 = Release|Any CPU
		{0A8E57D3-B13A-4BE9-A35A-676CF4F20363}.Debug|Any CPU.ActiveCfg = Debug|Any CPU
		{0A8E57D3-B13A-4BE9-A35A-676CF4F20363}.Debug|Any CPU.Build.0 = Debug|Any CPU
		{0A8E57D3-B13A-4BE9-A35A-676CF4F20363}.Release|Any CPU.ActiveCfg = Release|Any CPU
		{0A8E57D3-B13A-4BE9-A35A-676CF4F20363}.Release|Any CPU.Build.0 = Release|Any CPU
	EndGlobalSection
	GlobalSection(SolutionProperties) = preSolution
		HideSolutionNode = FALSE
	EndGlobalSection
	GlobalSection(ExtensibilityGlobals) = postSolution
		SolutionGuid = {ECC22FAF-E623-4353-BFCF-22618C3E23BE}
	EndGlobalSection
EndGlobal
